// !$*UTF8*$!
{
	archiveVersion = 1;
	classes = {
	};
	objectVersion = 56;
	objects = {

/* Begin PBXBuildFile section */
		3844A11B2C3FFF9B002FE045 /* SettingsView.swift in Sources */ = {isa = PBXBuildFile; fileRef = 3844A1182C3FFF9B002FE045 /* SettingsView.swift */; };
		3844A11C2C3FFF9B002FE045 /* EULAAgreementView.swift in Sources */ = {isa = PBXBuildFile; fileRef = 3844A1192C3FFF9B002FE045 /* EULAAgreementView.swift */; };
		3844A11D2C3FFF9B002FE045 /* ToSAndPPView.swift in Sources */ = {isa = PBXBuildFile; fileRef = 3844A11A2C3FFF9B002FE045 /* ToSAndPPView.swift */; };
		3844A1202C3FFFB7002FE045 /* MainView.swift in Sources */ = {isa = PBXBuildFile; fileRef = 3844A11F2C3FFFB7002FE045 /* MainView.swift */; };
		3844A1222C400033002FE045 /* AppState.swift in Sources */ = {isa = PBXBuildFile; fileRef = 3844A1212C400033002FE045 /* AppState.swift */; };
		3844A1242C400E4E002FE045 /* MiscExtensions.swift in Sources */ = {isa = PBXBuildFile; fileRef = 3844A1232C400E4E002FE045 /* MiscExtensions.swift */; };
		3844A1262C40559A002FE045 /* VideoTransferable.swift in Sources */ = {isa = PBXBuildFile; fileRef = 3844A1252C40559A002FE045 /* VideoTransferable.swift */; };
		3844A12B2C4127A7002FE045 /* RenderOptions.swift in Sources */ = {isa = PBXBuildFile; fileRef = 3844A12A2C4127A7002FE045 /* RenderOptions.swift */; };
		388D91D92C43DE2A00ABFC8E /* uiux-black-sound.mov in Resources */ = {isa = PBXBuildFile; fileRef = 388D91D82C43DE2A00ABFC8E /* uiux-black-sound.mov */; };
		388D91DB2C46961400ABFC8E /* ResultRenderView.swift in Sources */ = {isa = PBXBuildFile; fileRef = 388D91DA2C46961400ABFC8E /* ResultRenderView.swift */; };
		388D91E12C46A3FA00ABFC8E /* iPhone 15 Pro - White Titanium - Portrait.png in Resources */ = {isa = PBXBuildFile; fileRef = 388D91DF2C46A3FA00ABFC8E /* iPhone 15 Pro - White Titanium - Portrait.png */; };
		388D91E22C46A3FA00ABFC8E /* iPhone 15 Pro - Natural Titanium - Portrait.png in Resources */ = {isa = PBXBuildFile; fileRef = 388D91DE2C46A3FA00ABFC8E /* iPhone 15 Pro - Natural Titanium - Portrait.png */; };
		388D91E32C46A3FA00ABFC8E /* iPhone 15 Pro - Black Titanium - Portrait.png in Resources */ = {isa = PBXBuildFile; fileRef = 388D91DC2C46A3FA00ABFC8E /* iPhone 15 Pro - Black Titanium - Portrait.png */; };
		388D91E42C46A3FA00ABFC8E /* iPhone 15 Pro - Blue Titanium - Portrait.png in Resources */ = {isa = PBXBuildFile; fileRef = 388D91DD2C46A3FA00ABFC8E /* iPhone 15 Pro - Blue Titanium - Portrait.png */; };
		388D91E62C46A9B900ABFC8E /* WelcomeSimpleModalView.swift in Sources */ = {isa = PBXBuildFile; fileRef = 388D91E52C46A9B900ABFC8E /* WelcomeSimpleModalView.swift */; };
		389466F62C3BE15700EA4632 /* RenderSimpleVideoApp.swift in Sources */ = {isa = PBXBuildFile; fileRef = 389466F52C3BE15700EA4632 /* RenderSimpleVideoApp.swift */; };
		389466F82C3BE15700EA4632 /* ContentView.swift in Sources */ = {isa = PBXBuildFile; fileRef = 389466F72C3BE15700EA4632 /* ContentView.swift */; };
		389466FA2C3BE15900EA4632 /* Assets.xcassets in Resources */ = {isa = PBXBuildFile; fileRef = 389466F92C3BE15900EA4632 /* Assets.xcassets */; };
		389466FD2C3BE15900EA4632 /* Preview Assets.xcassets in Resources */ = {isa = PBXBuildFile; fileRef = 389466FC2C3BE15900EA4632 /* Preview Assets.xcassets */; };
		389467042C3BE16B00EA4632 /* RenderVideoEditorView.swift in Sources */ = {isa = PBXBuildFile; fileRef = 389467032C3BE16B00EA4632 /* RenderVideoEditorView.swift */; };
		38AE63E52C419400002CE2C6 /* uiux-short.mp4 in Resources */ = {isa = PBXBuildFile; fileRef = 38AE63E42C419400002CE2C6 /* uiux-short.mp4 */; };
		38B56F202C3EF2540056227B /* VideoOptionsView.swift in Sources */ = {isa = PBXBuildFile; fileRef = 38B56F1F2C3EF2540056227B /* VideoOptionsView.swift */; };
		38B56F222C3EF3D10056227B /* screencap1.jpg in Resources */ = {isa = PBXBuildFile; fileRef = 38B56F212C3EF3D10056227B /* screencap1.jpg */; };
		38B56F242C3EF9090056227B /* VideoComposer.swift in Sources */ = {isa = PBXBuildFile; fileRef = 38B56F232C3EF9090056227B /* VideoComposer.swift */; };
		38B56F272C3F17C30056227B /* BlenderStyleInput.swift in Sources */ = {isa = PBXBuildFile; fileRef = 38B56F262C3F17C30056227B /* BlenderStyleInput.swift */; };
		38C5DCB92C470F1E00F83D44 /* ComposerTest.swift in Sources */ = {isa = PBXBuildFile; fileRef = 38C5DCB82C470F1E00F83D44 /* ComposerTest.swift */; };
/* End PBXBuildFile section */

/* Begin PBXFileReference section */
		3844A1182C3FFF9B002FE045 /* SettingsView.swift */ = {isa = PBXFileReference; lastKnownFileType = sourcecode.swift; path = SettingsView.swift; sourceTree = "<group>"; };
		3844A1192C3FFF9B002FE045 /* EULAAgreementView.swift */ = {isa = PBXFileReference; lastKnownFileType = sourcecode.swift; path = EULAAgreementView.swift; sourceTree = "<group>"; };
		3844A11A2C3FFF9B002FE045 /* ToSAndPPView.swift */ = {isa = PBXFileReference; lastKnownFileType = sourcecode.swift; path = ToSAndPPView.swift; sourceTree = "<group>"; };
		3844A11F2C3FFFB7002FE045 /* MainView.swift */ = {isa = PBXFileReference; lastKnownFileType = sourcecode.swift; path = MainView.swift; sourceTree = "<group>"; };
		3844A1212C400033002FE045 /* AppState.swift */ = {isa = PBXFileReference; lastKnownFileType = sourcecode.swift; path = AppState.swift; sourceTree = "<group>"; };
		3844A1232C400E4E002FE045 /* MiscExtensions.swift */ = {isa = PBXFileReference; lastKnownFileType = sourcecode.swift; path = MiscExtensions.swift; sourceTree = "<group>"; };
		3844A1252C40559A002FE045 /* VideoTransferable.swift */ = {isa = PBXFileReference; lastKnownFileType = sourcecode.swift; path = VideoTransferable.swift; sourceTree = "<group>"; };
		3844A12A2C4127A7002FE045 /* RenderOptions.swift */ = {isa = PBXFileReference; lastKnownFileType = sourcecode.swift; path = RenderOptions.swift; sourceTree = "<group>"; };
		388D91D82C43DE2A00ABFC8E /* uiux-black-sound.mov */ = {isa = PBXFileReference; lastKnownFileType = video.quicktime; path = "uiux-black-sound.mov"; sourceTree = "<group>"; };
		388D91DA2C46961400ABFC8E /* ResultRenderView.swift */ = {isa = PBXFileReference; lastKnownFileType = sourcecode.swift; path = ResultRenderView.swift; sourceTree = "<group>"; };
		388D91DC2C46A3FA00ABFC8E /* iPhone 15 Pro - Black Titanium - Portrait.png */ = {isa = PBXFileReference; lastKnownFileType = image.png; path = "iPhone 15 Pro - Black Titanium - Portrait.png"; sourceTree = "<group>"; };
		388D91DD2C46A3FA00ABFC8E /* iPhone 15 Pro - Blue Titanium - Portrait.png */ = {isa = PBXFileReference; lastKnownFileType = image.png; path = "iPhone 15 Pro - Blue Titanium - Portrait.png"; sourceTree = "<group>"; };
		388D91DE2C46A3FA00ABFC8E /* iPhone 15 Pro - Natural Titanium - Portrait.png */ = {isa = PBXFileReference; lastKnownFileType = image.png; path = "iPhone 15 Pro - Natural Titanium - Portrait.png"; sourceTree = "<group>"; };
		388D91DF2C46A3FA00ABFC8E /* iPhone 15 Pro - White Titanium - Portrait.png */ = {isa = PBXFileReference; lastKnownFileType = image.png; path = "iPhone 15 Pro - White Titanium - Portrait.png"; sourceTree = "<group>"; };
		388D91E52C46A9B900ABFC8E /* WelcomeSimpleModalView.swift */ = {isa = PBXFileReference; lastKnownFileType = sourcecode.swift; path = WelcomeSimpleModalView.swift; sourceTree = "<group>"; };
		389466F22C3BE15700EA4632 /* RenderSimpleVideo.app */ = {isa = PBXFileReference; explicitFileType = wrapper.application; includeInIndex = 0; path = RenderSimpleVideo.app; sourceTree = BUILT_PRODUCTS_DIR; };
		389466F52C3BE15700EA4632 /* RenderSimpleVideoApp.swift */ = {isa = PBXFileReference; lastKnownFileType = sourcecode.swift; path = RenderSimpleVideoApp.swift; sourceTree = "<group>"; };
		389466F72C3BE15700EA4632 /* ContentView.swift */ = {isa = PBXFileReference; lastKnownFileType = sourcecode.swift; path = ContentView.swift; sourceTree = "<group>"; };
		389466F92C3BE15900EA4632 /* Assets.xcassets */ = {isa = PBXFileReference; lastKnownFileType = folder.assetcatalog; path = Assets.xcassets; sourceTree = "<group>"; };
		389466FC2C3BE15900EA4632 /* Preview Assets.xcassets */ = {isa = PBXFileReference; lastKnownFileType = folder.assetcatalog; path = "Preview Assets.xcassets"; sourceTree = "<group>"; };
		389467032C3BE16B00EA4632 /* RenderVideoEditorView.swift */ = {isa = PBXFileReference; lastKnownFileType = sourcecode.swift; path = RenderVideoEditorView.swift; sourceTree = "<group>"; };
		38AE63E42C419400002CE2C6 /* uiux-short.mp4 */ = {isa = PBXFileReference; lastKnownFileType = file; path = "uiux-short.mp4"; sourceTree = "<group>"; };
		38B56F1F2C3EF2540056227B /* VideoOptionsView.swift */ = {isa = PBXFileReference; lastKnownFileType = sourcecode.swift; path = VideoOptionsView.swift; sourceTree = "<group>"; };
		38B56F212C3EF3D10056227B /* screencap1.jpg */ = {isa = PBXFileReference; lastKnownFileType = image.jpeg; path = screencap1.jpg; sourceTree = "<group>"; };
		38B56F232C3EF9090056227B /* VideoComposer.swift */ = {isa = PBXFileReference; lastKnownFileType = sourcecode.swift; path = VideoComposer.swift; sourceTree = "<group>"; };
		38B56F262C3F17C30056227B /* BlenderStyleInput.swift */ = {isa = PBXFileReference; lastKnownFileType = sourcecode.swift; path = BlenderStyleInput.swift; sourceTree = "<group>"; };
		38C5DCB82C470F1E00F83D44 /* ComposerTest.swift */ = {isa = PBXFileReference; lastKnownFileType = sourcecode.swift; path = ComposerTest.swift; sourceTree = "<group>"; };
/* End PBXFileReference section */

/* Begin PBXFrameworksBuildPhase section */
		389466EF2C3BE15700EA4632 /* Frameworks */ = {
			isa = PBXFrameworksBuildPhase;
			buildActionMask = 2147483647;
			files = (
			);
			runOnlyForDeploymentPostprocessing = 0;
		};
/* End PBXFrameworksBuildPhase section */

/* Begin PBXGroup section */
		3844A11E2C3FFFA3002FE045 /* Settings */ = {
			isa = PBXGroup;
			children = (
				3844A1182C3FFF9B002FE045 /* SettingsView.swift */,
				3844A1192C3FFF9B002FE045 /* EULAAgreementView.swift */,
				3844A11A2C3FFF9B002FE045 /* ToSAndPPView.swift */,
			);
			path = Settings;
			sourceTree = "<group>";
		};
		3844A1272C4068E9002FE045 /* View */ = {
			isa = PBXGroup;
			children = (
				3844A11F2C3FFFB7002FE045 /* MainView.swift */,
				389467032C3BE16B00EA4632 /* RenderVideoEditorView.swift */,
				38B56F1F2C3EF2540056227B /* VideoOptionsView.swift */,
				38B56F262C3F17C30056227B /* BlenderStyleInput.swift */,
				388D91DA2C46961400ABFC8E /* ResultRenderView.swift */,
				388D91E52C46A9B900ABFC8E /* WelcomeSimpleModalView.swift */,
				3844A11E2C3FFFA3002FE045 /* Settings */,
			);
			path = View;
			sourceTree = "<group>";
		};
		3844A1282C406936002FE045 /* Support */ = {
			isa = PBXGroup;
			children = (
				3844A1232C400E4E002FE045 /* MiscExtensions.swift */,
				3844A1252C40559A002FE045 /* VideoTransferable.swift */,
			);
			path = Support;
			sourceTree = "<group>";
		};
		3844A1292C406942002FE045 /* Controllers */ = {
			isa = PBXGroup;
			children = (
				38B56F232C3EF9090056227B /* VideoComposer.swift */,
				38C5DCB82C470F1E00F83D44 /* ComposerTest.swift */,
			);
			path = Controllers;
			sourceTree = "<group>";
		};
		3844A12C2C4127B7002FE045 /* Model */ = {
			isa = PBXGroup;
			children = (
				3844A12A2C4127A7002FE045 /* RenderOptions.swift */,
			);
			path = Model;
			sourceTree = "<group>";
		};
		388D91E02C46A3FA00ABFC8E /* iPhone15Pro-Portrait */ = {
			isa = PBXGroup;
			children = (
				388D91DC2C46A3FA00ABFC8E /* iPhone 15 Pro - Black Titanium - Portrait.png */,
				388D91DD2C46A3FA00ABFC8E /* iPhone 15 Pro - Blue Titanium - Portrait.png */,
				388D91DE2C46A3FA00ABFC8E /* iPhone 15 Pro - Natural Titanium - Portrait.png */,
				388D91DF2C46A3FA00ABFC8E /* iPhone 15 Pro - White Titanium - Portrait.png */,
			);
			path = "iPhone15Pro-Portrait";
			sourceTree = "<group>";
		};
		389466E92C3BE15700EA4632 = {
			isa = PBXGroup;
			children = (
				389466F42C3BE15700EA4632 /* RenderSimpleVideo */,
				389466F32C3BE15700EA4632 /* Products */,
			);
			sourceTree = "<group>";
		};
		389466F32C3BE15700EA4632 /* Products */ = {
			isa = PBXGroup;
			children = (
				389466F22C3BE15700EA4632 /* RenderSimpleVideo.app */,
			);
			name = Products;
			sourceTree = "<group>";
		};
		389466F42C3BE15700EA4632 /* RenderSimpleVideo */ = {
			isa = PBXGroup;
			children = (
				389466F52C3BE15700EA4632 /* RenderSimpleVideoApp.swift */,
				389466F72C3BE15700EA4632 /* ContentView.swift */,
				3844A1212C400033002FE045 /* AppState.swift */,
				3844A12C2C4127B7002FE045 /* Model */,
				3844A1272C4068E9002FE045 /* View */,
				3844A1292C406942002FE045 /* Controllers */,
				3844A1282C406936002FE045 /* Support */,
				389466F92C3BE15900EA4632 /* Assets.xcassets */,
				38B56F212C3EF3D10056227B /* screencap1.jpg */,
				388D91D82C43DE2A00ABFC8E /* uiux-black-sound.mov */,
				38AE63E42C419400002CE2C6 /* uiux-short.mp4 */,
				388D91E02C46A3FA00ABFC8E /* iPhone15Pro-Portrait */,
				389466FB2C3BE15900EA4632 /* Preview Content */,
			);
			path = RenderSimpleVideo;
			sourceTree = "<group>";
		};
		389466FB2C3BE15900EA4632 /* Preview Content */ = {
			isa = PBXGroup;
			children = (
				389466FC2C3BE15900EA4632 /* Preview Assets.xcassets */,
			);
			path = "Preview Content";
			sourceTree = "<group>";
		};
/* End PBXGroup section */

/* Begin PBXNativeTarget section */
		389466F12C3BE15700EA4632 /* RenderSimpleVideo */ = {
			isa = PBXNativeTarget;
			buildConfigurationList = 389467002C3BE15900EA4632 /* Build configuration list for PBXNativeTarget "RenderSimpleVideo" */;
			buildPhases = (
				389466EE2C3BE15700EA4632 /* Sources */,
				389466EF2C3BE15700EA4632 /* Frameworks */,
				389466F02C3BE15700EA4632 /* Resources */,
			);
			buildRules = (
			);
			dependencies = (
			);
			name = RenderSimpleVideo;
			productName = RenderSimpleVideo;
			productReference = 389466F22C3BE15700EA4632 /* RenderSimpleVideo.app */;
			productType = "com.apple.product-type.application";
		};
/* End PBXNativeTarget section */

/* Begin PBXProject section */
		389466EA2C3BE15700EA4632 /* Project object */ = {
			isa = PBXProject;
			attributes = {
				BuildIndependentTargetsInParallel = 1;
				LastSwiftUpdateCheck = 1540;
				LastUpgradeCheck = 1540;
				TargetAttributes = {
					389466F12C3BE15700EA4632 = {
						CreatedOnToolsVersion = 15.4;
					};
				};
			};
			buildConfigurationList = 389466ED2C3BE15700EA4632 /* Build configuration list for PBXProject "RenderSimpleVideo" */;
			compatibilityVersion = "Xcode 14.0";
			developmentRegion = en;
			hasScannedForEncodings = 0;
			knownRegions = (
				en,
				Base,
			);
			mainGroup = 389466E92C3BE15700EA4632;
			productRefGroup = 389466F32C3BE15700EA4632 /* Products */;
			projectDirPath = "";
			projectRoot = "";
			targets = (
				389466F12C3BE15700EA4632 /* RenderSimpleVideo */,
			);
		};
/* End PBXProject section */

/* Begin PBXResourcesBuildPhase section */
		389466F02C3BE15700EA4632 /* Resources */ = {
			isa = PBXResourcesBuildPhase;
			buildActionMask = 2147483647;
			files = (
				38B56F222C3EF3D10056227B /* screencap1.jpg in Resources */,
				389466FD2C3BE15900EA4632 /* Preview Assets.xcassets in Resources */,
				389466FA2C3BE15900EA4632 /* Assets.xcassets in Resources */,
				38AE63E52C419400002CE2C6 /* uiux-short.mp4 in Resources */,
				388D91D92C43DE2A00ABFC8E /* uiux-black-sound.mov in Resources */,
				388D91E12C46A3FA00ABFC8E /* iPhone 15 Pro - White Titanium - Portrait.png in Resources */,
				388D91E22C46A3FA00ABFC8E /* iPhone 15 Pro - Natural Titanium - Portrait.png in Resources */,
				388D91E32C46A3FA00ABFC8E /* iPhone 15 Pro - Black Titanium - Portrait.png in Resources */,
				388D91E42C46A3FA00ABFC8E /* iPhone 15 Pro - Blue Titanium - Portrait.png in Resources */,
			);
			runOnlyForDeploymentPostprocessing = 0;
		};
/* End PBXResourcesBuildPhase section */

/* Begin PBXSourcesBuildPhase section */
		389466EE2C3BE15700EA4632 /* Sources */ = {
			isa = PBXSourcesBuildPhase;
			buildActionMask = 2147483647;
			files = (
				38B56F242C3EF9090056227B /* VideoComposer.swift in Sources */,
				389467042C3BE16B00EA4632 /* RenderVideoEditorView.swift in Sources */,
				389466F82C3BE15700EA4632 /* ContentView.swift in Sources */,
				3844A1202C3FFFB7002FE045 /* MainView.swift in Sources */,
				38B56F202C3EF2540056227B /* VideoOptionsView.swift in Sources */,
				38C5DCB92C470F1E00F83D44 /* ComposerTest.swift in Sources */,
				388D91E62C46A9B900ABFC8E /* WelcomeSimpleModalView.swift in Sources */,
				389466F62C3BE15700EA4632 /* RenderSimpleVideoApp.swift in Sources */,
				3844A12B2C4127A7002FE045 /* RenderOptions.swift in Sources */,
				3844A1222C400033002FE045 /* AppState.swift in Sources */,
				3844A11B2C3FFF9B002FE045 /* SettingsView.swift in Sources */,
				3844A1262C40559A002FE045 /* VideoTransferable.swift in Sources */,
				388D91DB2C46961400ABFC8E /* ResultRenderView.swift in Sources */,
				3844A11C2C3FFF9B002FE045 /* EULAAgreementView.swift in Sources */,
				3844A11D2C3FFF9B002FE045 /* ToSAndPPView.swift in Sources */,
				38B56F272C3F17C30056227B /* BlenderStyleInput.swift in Sources */,
				3844A1242C400E4E002FE045 /* MiscExtensions.swift in Sources */,
			);
			runOnlyForDeploymentPostprocessing = 0;
		};
/* End PBXSourcesBuildPhase section */

/* Begin XCBuildConfiguration section */
		389466FE2C3BE15900EA4632 /* Debug */ = {
			isa = XCBuildConfiguration;
			buildSettings = {
				ALWAYS_SEARCH_USER_PATHS = NO;
				ASSETCATALOG_COMPILER_GENERATE_SWIFT_ASSET_SYMBOL_EXTENSIONS = YES;
				CLANG_ANALYZER_NONNULL = YES;
				CLANG_ANALYZER_NUMBER_OBJECT_CONVERSION = YES_AGGRESSIVE;
				CLANG_CXX_LANGUAGE_STANDARD = "gnu++20";
				CLANG_ENABLE_MODULES = YES;
				CLANG_ENABLE_OBJC_ARC = YES;
				CLANG_ENABLE_OBJC_WEAK = YES;
				CLANG_WARN_BLOCK_CAPTURE_AUTORELEASING = YES;
				CLANG_WARN_BOOL_CONVERSION = YES;
				CLANG_WARN_COMMA = YES;
				CLANG_WARN_CONSTANT_CONVERSION = YES;
				CLANG_WARN_DEPRECATED_OBJC_IMPLEMENTATIONS = YES;
				CLANG_WARN_DIRECT_OBJC_ISA_USAGE = YES_ERROR;
				CLANG_WARN_DOCUMENTATION_COMMENTS = YES;
				CLANG_WARN_EMPTY_BODY = YES;
				CLANG_WARN_ENUM_CONVERSION = YES;
				CLANG_WARN_INFINITE_RECURSION = YES;
				CLANG_WARN_INT_CONVERSION = YES;
				CLANG_WARN_NON_LITERAL_NULL_CONVERSION = YES;
				CLANG_WARN_OBJC_IMPLICIT_RETAIN_SELF = YES;
				CLANG_WARN_OBJC_LITERAL_CONVERSION = YES;
				CLANG_WARN_OBJC_ROOT_CLASS = YES_ERROR;
				CLANG_WARN_QUOTED_INCLUDE_IN_FRAMEWORK_HEADER = YES;
				CLANG_WARN_RANGE_LOOP_ANALYSIS = YES;
				CLANG_WARN_STRICT_PROTOTYPES = YES;
				CLANG_WARN_SUSPICIOUS_MOVE = YES;
				CLANG_WARN_UNGUARDED_AVAILABILITY = YES_AGGRESSIVE;
				CLANG_WARN_UNREACHABLE_CODE = YES;
				CLANG_WARN__DUPLICATE_METHOD_MATCH = YES;
				COPY_PHASE_STRIP = NO;
				DEBUG_INFORMATION_FORMAT = dwarf;
				ENABLE_STRICT_OBJC_MSGSEND = YES;
				ENABLE_TESTABILITY = YES;
				ENABLE_USER_SCRIPT_SANDBOXING = YES;
				GCC_C_LANGUAGE_STANDARD = gnu17;
				GCC_DYNAMIC_NO_PIC = NO;
				GCC_NO_COMMON_BLOCKS = YES;
				GCC_OPTIMIZATION_LEVEL = 0;
				GCC_PREPROCESSOR_DEFINITIONS = (
					"DEBUG=1",
					"$(inherited)",
				);
				GCC_WARN_64_TO_32_BIT_CONVERSION = YES;
				GCC_WARN_ABOUT_RETURN_TYPE = YES_ERROR;
				GCC_WARN_UNDECLARED_SELECTOR = YES;
				GCC_WARN_UNINITIALIZED_AUTOS = YES_AGGRESSIVE;
				GCC_WARN_UNUSED_FUNCTION = YES;
				GCC_WARN_UNUSED_VARIABLE = YES;
				IPHONEOS_DEPLOYMENT_TARGET = 17.5;
				LOCALIZATION_PREFERS_STRING_CATALOGS = YES;
				MTL_ENABLE_DEBUG_INFO = INCLUDE_SOURCE;
				MTL_FAST_MATH = YES;
				ONLY_ACTIVE_ARCH = YES;
				SDKROOT = iphoneos;
				SWIFT_ACTIVE_COMPILATION_CONDITIONS = "DEBUG $(inherited)";
				SWIFT_OPTIMIZATION_LEVEL = "-Onone";
			};
			name = Debug;
		};
		389466FF2C3BE15900EA4632 /* Release */ = {
			isa = XCBuildConfiguration;
			buildSettings = {
				ALWAYS_SEARCH_USER_PATHS = NO;
				ASSETCATALOG_COMPILER_GENERATE_SWIFT_ASSET_SYMBOL_EXTENSIONS = YES;
				CLANG_ANALYZER_NONNULL = YES;
				CLANG_ANALYZER_NUMBER_OBJECT_CONVERSION = YES_AGGRESSIVE;
				CLANG_CXX_LANGUAGE_STANDARD = "gnu++20";
				CLANG_ENABLE_MODULES = YES;
				CLANG_ENABLE_OBJC_ARC = YES;
				CLANG_ENABLE_OBJC_WEAK = YES;
				CLANG_WARN_BLOCK_CAPTURE_AUTORELEASING = YES;
				CLANG_WARN_BOOL_CONVERSION = YES;
				CLANG_WARN_COMMA = YES;
				CLANG_WARN_CONSTANT_CONVERSION = YES;
				CLANG_WARN_DEPRECATED_OBJC_IMPLEMENTATIONS = YES;
				CLANG_WARN_DIRECT_OBJC_ISA_USAGE = YES_ERROR;
				CLANG_WARN_DOCUMENTATION_COMMENTS = YES;
				CLANG_WARN_EMPTY_BODY = YES;
				CLANG_WARN_ENUM_CONVERSION = YES;
				CLANG_WARN_INFINITE_RECURSION = YES;
				CLANG_WARN_INT_CONVERSION = YES;
				CLANG_WARN_NON_LITERAL_NULL_CONVERSION = YES;
				CLANG_WARN_OBJC_IMPLICIT_RETAIN_SELF = YES;
				CLANG_WARN_OBJC_LITERAL_CONVERSION = YES;
				CLANG_WARN_OBJC_ROOT_CLASS = YES_ERROR;
				CLANG_WARN_QUOTED_INCLUDE_IN_FRAMEWORK_HEADER = YES;
				CLANG_WARN_RANGE_LOOP_ANALYSIS = YES;
				CLANG_WARN_STRICT_PROTOTYPES = YES;
				CLANG_WARN_SUSPICIOUS_MOVE = YES;
				CLANG_WARN_UNGUARDED_AVAILABILITY = YES_AGGRESSIVE;
				CLANG_WARN_UNREACHABLE_CODE = YES;
				CLANG_WARN__DUPLICATE_METHOD_MATCH = YES;
				COPY_PHASE_STRIP = NO;
				DEBUG_INFORMATION_FORMAT = "dwarf-with-dsym";
				ENABLE_NS_ASSERTIONS = NO;
				ENABLE_STRICT_OBJC_MSGSEND = YES;
				ENABLE_USER_SCRIPT_SANDBOXING = YES;
				GCC_C_LANGUAGE_STANDARD = gnu17;
				GCC_NO_COMMON_BLOCKS = YES;
				GCC_WARN_64_TO_32_BIT_CONVERSION = YES;
				GCC_WARN_ABOUT_RETURN_TYPE = YES_ERROR;
				GCC_WARN_UNDECLARED_SELECTOR = YES;
				GCC_WARN_UNINITIALIZED_AUTOS = YES_AGGRESSIVE;
				GCC_WARN_UNUSED_FUNCTION = YES;
				GCC_WARN_UNUSED_VARIABLE = YES;
				IPHONEOS_DEPLOYMENT_TARGET = 17.5;
				LOCALIZATION_PREFERS_STRING_CATALOGS = YES;
				MTL_ENABLE_DEBUG_INFO = NO;
				MTL_FAST_MATH = YES;
				SDKROOT = iphoneos;
				SWIFT_COMPILATION_MODE = wholemodule;
				VALIDATE_PRODUCT = YES;
			};
			name = Release;
		};
		389467012C3BE15900EA4632 /* Debug */ = {
			isa = XCBuildConfiguration;
			buildSettings = {
				ASSETCATALOG_COMPILER_APPICON_NAME = AppIcon;
				ASSETCATALOG_COMPILER_GLOBAL_ACCENT_COLOR_NAME = AccentColor;
				CODE_SIGN_STYLE = Automatic;
				CURRENT_PROJECT_VERSION = 1;
				DEVELOPMENT_ASSET_PATHS = "\"RenderSimpleVideo/Preview Content\"";
				DEVELOPMENT_TEAM = W95X63KDL2;
				ENABLE_PREVIEWS = YES;
				GENERATE_INFOPLIST_FILE = YES;
				INFOPLIST_KEY_CFBundleDisplayName = "Video Mockup";
				INFOPLIST_KEY_NSPhotoLibraryAddUsageDescription = "Save to Photos";
				INFOPLIST_KEY_NSPhotoLibraryUsageDescription = "Add screen captures";
				INFOPLIST_KEY_UIApplicationSceneManifest_Generation = YES;
				INFOPLIST_KEY_UIApplicationSupportsIndirectInputEvents = YES;
				INFOPLIST_KEY_UILaunchScreen_Generation = YES;
				INFOPLIST_KEY_UISupportedInterfaceOrientations = UIInterfaceOrientationPortrait;
				INFOPLIST_KEY_UISupportedInterfaceOrientations_iPad = "UIInterfaceOrientationLandscapeLeft UIInterfaceOrientationLandscapeRight UIInterfaceOrientationPortrait UIInterfaceOrientationPortraitUpsideDown";
				IPHONEOS_DEPLOYMENT_TARGET = 16.0;
				LD_RUNPATH_SEARCH_PATHS = (
					"$(inherited)",
					"@executable_path/Frameworks",
				);
				MARKETING_VERSION = 1.02;
				PRODUCT_BUNDLE_IDENTIFIER = com.jrwappdev.RenderSimpleVideo;
				PRODUCT_NAME = "$(TARGET_NAME)";
				SUPPORTED_PLATFORMS = "iphoneos iphonesimulator";
				SUPPORTS_MACCATALYST = NO;
				SUPPORTS_MAC_DESIGNED_FOR_IPHONE_IPAD = NO;
				SUPPORTS_XR_DESIGNED_FOR_IPHONE_IPAD = NO;
				SWIFT_EMIT_LOC_STRINGS = YES;
				SWIFT_VERSION = 5.0;
				TARGETED_DEVICE_FAMILY = 1;
			};
			name = Debug;
		};
		389467022C3BE15900EA4632 /* Release */ = {
			isa = XCBuildConfiguration;
			buildSettings = {
				ASSETCATALOG_COMPILER_APPICON_NAME = AppIcon;
				ASSETCATALOG_COMPILER_GLOBAL_ACCENT_COLOR_NAME = AccentColor;
				CODE_SIGN_STYLE = Automatic;
				CURRENT_PROJECT_VERSION = 1;
				DEVELOPMENT_ASSET_PATHS = "\"RenderSimpleVideo/Preview Content\"";
				DEVELOPMENT_TEAM = W95X63KDL2;
				ENABLE_PREVIEWS = YES;
				GENERATE_INFOPLIST_FILE = YES;
				INFOPLIST_KEY_CFBundleDisplayName = "Video Mockup";
				INFOPLIST_KEY_NSPhotoLibraryAddUsageDescription = "Save to Photos";
				INFOPLIST_KEY_NSPhotoLibraryUsageDescription = "Add screen captures";
				INFOPLIST_KEY_UIApplicationSceneManifest_Generation = YES;
				INFOPLIST_KEY_UIApplicationSupportsIndirectInputEvents = YES;
				INFOPLIST_KEY_UILaunchScreen_Generation = YES;
				INFOPLIST_KEY_UISupportedInterfaceOrientations = UIInterfaceOrientationPortrait;
				INFOPLIST_KEY_UISupportedInterfaceOrientations_iPad = "UIInterfaceOrientationLandscapeLeft UIInterfaceOrientationLandscapeRight UIInterfaceOrientationPortrait UIInterfaceOrientationPortraitUpsideDown";
				IPHONEOS_DEPLOYMENT_TARGET = 16.0;
				LD_RUNPATH_SEARCH_PATHS = (
					"$(inherited)",
					"@executable_path/Frameworks",
				);
				MARKETING_VERSION = 1.02;
				PRODUCT_BUNDLE_IDENTIFIER = com.jrwappdev.RenderSimpleVideo;
				PRODUCT_NAME = "$(TARGET_NAME)";
				SUPPORTED_PLATFORMS = "iphoneos iphonesimulator";
				SUPPORTS_MACCATALYST = NO;
				SUPPORTS_MAC_DESIGNED_FOR_IPHONE_IPAD = NO;
				SUPPORTS_XR_DESIGNED_FOR_IPHONE_IPAD = NO;
				SWIFT_EMIT_LOC_STRINGS = YES;
				SWIFT_VERSION = 5.0;
				TARGETED_DEVICE_FAMILY = 1;
			};
			name = Release;
		};
/* End XCBuildConfiguration section */

/* Begin XCConfigurationList section */
		389466ED2C3BE15700EA4632 /* Build configuration list for PBXProject "RenderSimpleVideo" */ = {
			isa = XCConfigurationList;
			buildConfigurations = (
				389466FE2C3BE15900EA4632 /* Debug */,
				389466FF2C3BE15900EA4632 /* Release */,
			);
			defaultConfigurationIsVisible = 0;
			defaultConfigurationName = Release;
		};
		389467002C3BE15900EA4632 /* Build configuration list for PBXNativeTarget "RenderSimpleVideo" */ = {
			isa = XCConfigurationList;
			buildConfigurations = (
				389467012C3BE15900EA4632 /* Debug */,
				389467022C3BE15900EA4632 /* Release */,
			);
			defaultConfigurationIsVisible = 0;
			defaultConfigurationName = Release;
		};
/* End XCConfigurationList section */
	};
	rootObject = 389466EA2C3BE15700EA4632 /* Project object */;
}
